
Microsoft Visual Studio Solution File, Format Version 12.00
# Visual Studio Version 16
VisualStudioVersion = 16.0.810.16
MinimumVisualStudioVersion = 10.0.40219.1
Project("{FAE04EC0-301F-11D3-BF4B-00C04F79EFBC}") = "ShardsManager.API", "ShardsManager.API\ShardsManager.API.csproj", "{293AE329-9AC1-4431-B3ED-68864B20062E}"
EndProject
Global
	GlobalSection(SolutionConfigurationPlatforms) = preSolution
		Debug|Any CPU = Debug|Any CPU
		Release|Any CPU = Release|Any CPU
	EndGlobalSection
	GlobalSection(ProjectConfigurationPlatforms) = postSolution
		{293AE329-9AC1-4431-B3ED-68864B20062E}.Debug|Any CPU.ActiveCfg = Debug|Any CPU
		{293AE329-9AC1-4431-B3ED-68864B20062E}.Debug|Any CPU.Build.0 = Debug|Any CPU
		{293AE329-9AC1-4431-B3ED-68864B20062E}.Release|Any CPU.ActiveCfg = Release|Any CPU
		{293AE329-9AC1-4431-B3ED-68864B20062E}.Release|Any CPU.Build.0 = Release|Any CPU
	EndGlobalSection
	GlobalSection(SolutionProperties) = preSolution
		HideSolutionNode = FALSE
	EndGlobalSection
	GlobalSection(ExtensibilityGlobals) = postSolution
		SolutionGuid = {76FDD51D-2E1A-42AB-9363-1113BF992C39}
	EndGlobalSection
EndGlobal
